<?xml version="1.0" encoding="utf-8"?>
<Project ToolsVersion="4.0" xmlns="http://schemas.microsoft.com/developer/msbuild/2003">
  <ItemGroup>
    <Filter Include="Source Files">
      <UniqueIdentifier>{4FC737F1-C7A5-4376-A066-2A32D752A2FF}</UniqueIdentifier>
      <Extensions>cpp;c;cc;cxx;def;odl;idl;hpj;bat;asm;asmx</Extensions>
    </Filter>
    <Filter Include="Header Files">
      <UniqueIdentifier>{93995380-89BD-4b04-88EB-625FBE52EBFB}</UniqueIdentifier>
      <Extensions>h;hpp;hxx;hm;inl;inc;xsd</Extensions>
    </Filter>
    <Filter Include="Resource Files">
      <UniqueIdentifier>{67DA6AB6-F800-4c08-8B7A-83BB121AAD01}</UniqueIdentifier>
      <Extensions>rc;ico;cur;bmp;dlg;rc2;rct;bin;rgs;gif;jpg;jpeg;jpe;resx;tiff;tif;png;wav;mfcribbon-ms</Extensions>
    </Filter>
  </ItemGroup>
  <ItemGroup>
    <Text Include="ReadMe.txt" />
    <Text Include="Date.txt" />
  </ItemGroup>
  <ItemGroup>
    <ClInclude Include="stdafx.h">
      <Filter>Header Files</Filter>
    </ClInclude>
    <ClInclude Include="targetver.h">
      <Filter>Header Files</Filter>
    </ClInclude>
    <ClInclude Include="cppcoding.h">
      <Filter>Header Files</Filter>
    </ClInclude>
  </ItemGroup>
  <ItemGroup>
    <ClCompile Include="stdafx.cpp">
      <Filter>Source Files</Filter>
    </ClCompile>
    <ClCompile Include="mainAmazon.cpp">
      <Filter>Source Files</Filter>
    </ClCompile>
    <ClCompile Include="main.cpp">
      <Filter>Source Files</Filter>
    </ClCompile>
    <ClCompile Include="mainFacebook.cpp">
      <Filter>Source Files</Filter>
    </ClCompile>
    <ClCompile Include="main03_Stacks_and_Queues.cpp">
      <Filter>Source Files</Filter>
    </ClCompile>
    <ClCompile Include="main04_Trees_and_Graphs.cpp">
      <Filter>Source Files</Filter>
    </ClCompile>
    <ClCompile Include="main05_Bit_Manipulation.cpp">
      <Filter>Source Files</Filter>
    </ClCompile>
    <ClCompile Include="main01_Array_and_Strings.cpp">
      <Filter>Source Files</Filter>
    </ClCompile>
    <ClCompile Include="main02_Linked_List.cpp">
      <Filter>Source Files</Filter>
    </ClCompile>
    <ClCompile Include="main06_Math_and_Logic_Puzzles.cpp">
      <Filter>Source Files</Filter>
    </ClCompile>
    <ClCompile Include="main07_Object_Oriented_Design.cpp">
      <Filter>Source Files</Filter>
    </ClCompile>
    <ClCompile Include="main08_Recursion_and_Dynamic_Programming.cpp">
      <Filter>Source Files</Filter>
    </ClCompile>
    <ClCompile Include="main09_System_Design_and_Scalability.cpp">
      <Filter>Source Files</Filter>
    </ClCompile>
    <ClCompile Include="main10_Sorting_and_Searching.cpp">
      <Filter>Source Files</Filter>
    </ClCompile>
    <ClCompile Include="main11_Testing.cpp">
      <Filter>Source Files</Filter>
    </ClCompile>
    <ClCompile Include="main12_C_and_Cpp.cpp">
      <Filter>Source Files</Filter>
    </ClCompile>
    <ClCompile Include="mainOther.cpp">
      <Filter>Source Files</Filter>
    </ClCompile>
  </ItemGroup>
</Project>